// !$*UTF8*$!
{
	archiveVersion = 1;
	classes = {
	};
	objectVersion = 46;
	objects = {

/* Begin PBXBuildFile section */
		27D316A4B243CDBE5EFE7CD4 /* Pods_correct42Tests.framework in Frameworks */ = {isa = PBXBuildFile; fileRef = F1D2362D2EFD3B19E5CC5333 /* Pods_correct42Tests.framework */; };
		462BAFE81CD6264E000F9F34 /* projectCell.xib in Resources */ = {isa = PBXBuildFile; fileRef = 462BAFE71CD6264E000F9F34 /* projectCell.xib */; };
		462BAFEA1CD62909000F9F34 /* ProjectTableViewCell.swift in Sources */ = {isa = PBXBuildFile; fileRef = 462BAFE91CD62909000F9F34 /* ProjectTableViewCell.swift */; };
		4630FCFA1CF3887E00B37031 /* SearchManager.swift in Sources */ = {isa = PBXBuildFile; fileRef = 4630FCF91CF3887E00B37031 /* SearchManager.swift */; };
		464378EB1CFF4D230066F9BC /* usersNameListV1.1.1.txt in Resources */ = {isa = PBXBuildFile; fileRef = 464378EA1CFF4D230066F9BC /* usersNameListV1.1.1.txt */; };
		4648C9A31CC6A9F700E82D68 /* AppDelegate.swift in Sources */ = {isa = PBXBuildFile; fileRef = 4648C9A21CC6A9F700E82D68 /* AppDelegate.swift */; };
		4658A4FB1CD0FDFB001C0968 /* ApiCredentialTests.swift in Sources */ = {isa = PBXBuildFile; fileRef = 4658A4FA1CD0FDFB001C0968 /* ApiCredentialTests.swift */; };
		468347ED1CF769D900F7C1AD /* addEventToCalendar.swift in Sources */ = {isa = PBXBuildFile; fileRef = 468347EC1CF769D900F7C1AD /* addEventToCalendar.swift */; };
		468347FE1CF85F5D00F7C1AD /* Achievement.swift in Sources */ = {isa = PBXBuildFile; fileRef = 468347EE1CF85F5D00F7C1AD /* Achievement.swift */; };
		468347FF1CF85F5D00F7C1AD /* Campus.swift in Sources */ = {isa = PBXBuildFile; fileRef = 468347EF1CF85F5D00F7C1AD /* Campus.swift */; };
		468348001CF85F5D00F7C1AD /* Cursus.swift in Sources */ = {isa = PBXBuildFile; fileRef = 468347F01CF85F5D00F7C1AD /* Cursus.swift */; };
		468348011CF85F5D00F7C1AD /* Flag.swift in Sources */ = {isa = PBXBuildFile; fileRef = 468347F11CF85F5D00F7C1AD /* Flag.swift */; };
		468348021CF85F5D00F7C1AD /* Language.swift in Sources */ = {isa = PBXBuildFile; fileRef = 468347F21CF85F5D00F7C1AD /* Language.swift */; };
		468348031CF85F5D00F7C1AD /* Project.swift in Sources */ = {isa = PBXBuildFile; fileRef = 468347F31CF85F5D00F7C1AD /* Project.swift */; };
		468348041CF85F5D00F7C1AD /* Scale.swift in Sources */ = {isa = PBXBuildFile; fileRef = 468347F41CF85F5D00F7C1AD /* Scale.swift */; };
		468348051CF85F5D00F7C1AD /* ScaleTeam.swift in Sources */ = {isa = PBXBuildFile; fileRef = 468347F51CF85F5D00F7C1AD /* ScaleTeam.swift */; };
		468348061CF85F5D00F7C1AD /* ScaleTeamsManager.swift in Sources */ = {isa = PBXBuildFile; fileRef = 468347F61CF85F5D00F7C1AD /* ScaleTeamsManager.swift */; };
		468348071CF85F5D00F7C1AD /* Skill.swift in Sources */ = {isa = PBXBuildFile; fileRef = 468347F71CF85F5D00F7C1AD /* Skill.swift */; };
		468348081CF85F5D00F7C1AD /* SuperModel.swift in Sources */ = {isa = PBXBuildFile; fileRef = 468347F81CF85F5D00F7C1AD /* SuperModel.swift */; };
		468348091CF85F5D00F7C1AD /* Team.swift in Sources */ = {isa = PBXBuildFile; fileRef = 468347F91CF85F5D00F7C1AD /* Team.swift */; };
		4683480A1CF85F5D00F7C1AD /* TeamUpload.swift in Sources */ = {isa = PBXBuildFile; fileRef = 468347FA1CF85F5D00F7C1AD /* TeamUpload.swift */; };
		4683480B1CF85F5D00F7C1AD /* Title.swift in Sources */ = {isa = PBXBuildFile; fileRef = 468347FB1CF85F5D00F7C1AD /* Title.swift */; };
		4683480C1CF85F5D00F7C1AD /* Upload.swift in Sources */ = {isa = PBXBuildFile; fileRef = 468347FC1CF85F5D00F7C1AD /* Upload.swift */; };
		4683480D1CF85F5D00F7C1AD /* User.swift in Sources */ = {isa = PBXBuildFile; fileRef = 468347FD1CF85F5D00F7C1AD /* User.swift */; };
		468348171CF85F8400F7C1AD /* LoginViewController.swift in Sources */ = {isa = PBXBuildFile; fileRef = 4683480E1CF85F8400F7C1AD /* LoginViewController.swift */; };
		468348181CF85F8400F7C1AD /* ProfilViewController.swift in Sources */ = {isa = PBXBuildFile; fileRef = 4683480F1CF85F8400F7C1AD /* ProfilViewController.swift */; };
		468348191CF85F8400F7C1AD /* ProjectsViewController.swift in Sources */ = {isa = PBXBuildFile; fileRef = 468348101CF85F8400F7C1AD /* ProjectsViewController.swift */; };
		4683481A1CF85F8400F7C1AD /* ScaleTeamsViewController.swift in Sources */ = {isa = PBXBuildFile; fileRef = 468348111CF85F8400F7C1AD /* ScaleTeamsViewController.swift */; };
		4683481B1CF85F8400F7C1AD /* SearchUserContainerViewController.swift in Sources */ = {isa = PBXBuildFile; fileRef = 468348121CF85F8400F7C1AD /* SearchUserContainerViewController.swift */; };
		4683481C1CF85F8400F7C1AD /* SearchUserViewController.swift in Sources */ = {isa = PBXBuildFile; fileRef = 468348131CF85F8400F7C1AD /* SearchUserViewController.swift */; };
		4683481D1CF85F8400F7C1AD /* SkillsViewController.swift in Sources */ = {isa = PBXBuildFile; fileRef = 468348141CF85F8400F7C1AD /* SkillsViewController.swift */; };
		4683481E1CF85F8400F7C1AD /* TabBarViewController.swift in Sources */ = {isa = PBXBuildFile; fileRef = 468348151CF85F8400F7C1AD /* TabBarViewController.swift */; };
		4683481F1CF85F8400F7C1AD /* UserViewController.swift in Sources */ = {isa = PBXBuildFile; fileRef = 468348161CF85F8400F7C1AD /* UserViewController.swift */; };
		468348241CF85FB400F7C1AD /* LoginView.storyboard in Resources */ = {isa = PBXBuildFile; fileRef = 468348201CF85FB400F7C1AD /* LoginView.storyboard */; };
		468348251CF85FB400F7C1AD /* Projects.storyboard in Resources */ = {isa = PBXBuildFile; fileRef = 468348211CF85FB400F7C1AD /* Projects.storyboard */; };
		468348261CF85FB400F7C1AD /* Skills.storyboard in Resources */ = {isa = PBXBuildFile; fileRef = 468348221CF85FB400F7C1AD /* Skills.storyboard */; };
		468348271CF85FB400F7C1AD /* TabBarView.storyboard in Resources */ = {isa = PBXBuildFile; fileRef = 468348231CF85FB400F7C1AD /* TabBarView.storyboard */; };
		468348291CF85FDA00F7C1AD /* skillCell.xib in Resources */ = {isa = PBXBuildFile; fileRef = 468348281CF85FDA00F7C1AD /* skillCell.xib */; };
		4683482B1CF85FE200F7C1AD /* searchUserCell.xib in Resources */ = {isa = PBXBuildFile; fileRef = 4683482A1CF85FE100F7C1AD /* searchUserCell.xib */; };
		4683482F1CF8600300F7C1AD /* UserManager.swift in Sources */ = {isa = PBXBuildFile; fileRef = 4683482D1CF8600300F7C1AD /* UserManager.swift */; };
		468348321CF8602200F7C1AD /* ApiCredential.swift in Sources */ = {isa = PBXBuildFile; fileRef = 468348301CF8602200F7C1AD /* ApiCredential.swift */; };
		468348331CF8602200F7C1AD /* ApiRequester.swift in Sources */ = {isa = PBXBuildFile; fileRef = 468348311CF8602200F7C1AD /* ApiRequester.swift */; };
		468348351CF8602C00F7C1AD /* ApiRouter.swift in Sources */ = {isa = PBXBuildFile; fileRef = 468348341CF8602C00F7C1AD /* ApiRouter.swift */; };
		468348381CF8603500F7C1AD /* ScaleTeamsRouter.swift in Sources */ = {isa = PBXBuildFile; fileRef = 468348361CF8603500F7C1AD /* ScaleTeamsRouter.swift */; };
		468348391CF8603500F7C1AD /* UserRouter.swift in Sources */ = {isa = PBXBuildFile; fileRef = 468348371CF8603500F7C1AD /* UserRouter.swift */; };
		4683483B1CF8603F00F7C1AD /* ShowAlert.swift in Sources */ = {isa = PBXBuildFile; fileRef = 4683483A1CF8603F00F7C1AD /* ShowAlert.swift */; };
		4683B46C1CC26999005DBAA6 /* Assets.xcassets in Resources */ = {isa = PBXBuildFile; fileRef = 4683B46B1CC26999005DBAA6 /* Assets.xcassets */; };
		4683B46F1CC26999005DBAA6 /* LaunchScreen.storyboard in Resources */ = {isa = PBXBuildFile; fileRef = 4683B46D1CC26999005DBAA6 /* LaunchScreen.storyboard */; };
		4683B47A1CC26999005DBAA6 /* correct42Tests.swift in Sources */ = {isa = PBXBuildFile; fileRef = 4683B4791CC26999005DBAA6 /* correct42Tests.swift */; };
		4683B4851CC26999005DBAA6 /* correct42UITests.swift in Sources */ = {isa = PBXBuildFile; fileRef = 4683B4841CC26999005DBAA6 /* correct42UITests.swift */; };
		469804281CF4DB3C007C2D2B /* SearchManagerDelegation.swift in Sources */ = {isa = PBXBuildFile; fileRef = 469804271CF4DB3C007C2D2B /* SearchManagerDelegation.swift */; };
		46AB96D31CE9052E00908F1F /* ScaleTeamCell.xib in Resources */ = {isa = PBXBuildFile; fileRef = 46AB96D21CE9052E00908F1F /* ScaleTeamCell.xib */; };
		46AB96D51CE913CE00908F1F /* ScaleTeamTableViewCell.swift in Sources */ = {isa = PBXBuildFile; fileRef = 46AB96D41CE913CE00908F1F /* ScaleTeamTableViewCell.swift */; };
		46B3DDEA1CD6628B008A2D05 /* SkillTableViewCell.swift in Sources */ = {isa = PBXBuildFile; fileRef = 46B3DDE91CD6628B008A2D05 /* SkillTableViewCell.swift */; };
		46B3DDF21CD79442008A2D05 /* SearchUserTableViewCell.swift in Sources */ = {isa = PBXBuildFile; fileRef = 46B3DDF11CD79442008A2D05 /* SearchUserTableViewCell.swift */; };
		46E7895F1CCCFA4A00D4CBE3 /* Alamofire.framework in Frameworks */ = {isa = PBXBuildFile; fileRef = 46E7895D1CCCFA4A00D4CBE3 /* Alamofire.framework */; };
		46E789601CCCFA4A00D4CBE3 /* OAuthSwift.framework in Frameworks */ = {isa = PBXBuildFile; fileRef = 46E7895E1CCCFA4A00D4CBE3 /* OAuthSwift.framework */; };
		46F9182C1D02F926001FFD6D /* UILabelPhone.swift in Sources */ = {isa = PBXBuildFile; fileRef = 46F9182B1D02F926001FFD6D /* UILabelPhone.swift */; };
		B60C27431EB982CC53DC70F0 /* Pods_correct42UITests.framework in Frameworks */ = {isa = PBXBuildFile; fileRef = 38DE91D259426C794AA0937A /* Pods_correct42UITests.framework */; };
		B9746AC7A499CF43FDC0C6C0 /* Pods_correct42.framework in Frameworks */ = {isa = PBXBuildFile; fileRef = E1A732D1AFE4D85890AFF12E /* Pods_correct42.framework */; };
		CED89C7C1CDB5120001FC0CC /* SwiftyJSON.framework in Frameworks */ = {isa = PBXBuildFile; fileRef = CED89C7B1CDB5120001FC0CC /* SwiftyJSON.framework */; };
/* End PBXBuildFile section */

/* Begin PBXContainerItemProxy section */
		4683B4761CC26999005DBAA6 /* PBXContainerItemProxy */ = {
			isa = PBXContainerItemProxy;
			containerPortal = 4683B4591CC26999005DBAA6 /* Project object */;
			proxyType = 1;
			remoteGlobalIDString = 4683B4601CC26999005DBAA6;
			remoteInfo = correct42;
		};
		4683B4811CC26999005DBAA6 /* PBXContainerItemProxy */ = {
			isa = PBXContainerItemProxy;
			containerPortal = 4683B4591CC26999005DBAA6 /* Project object */;
			proxyType = 1;
			remoteGlobalIDString = 4683B4601CC26999005DBAA6;
			remoteInfo = correct42;
		};
/* End PBXContainerItemProxy section */

/* Begin PBXCopyFilesBuildPhase section */
		46B7BC181CC59AA900FF610A /* CopyFiles */ = {
			isa = PBXCopyFilesBuildPhase;
			buildActionMask = 2147483647;
			dstPath = "";
			dstSubfolderSpec = 7;
			files = (
			);
			runOnlyForDeploymentPostprocessing = 0;
		};
/* End PBXCopyFilesBuildPhase section */

/* Begin PBXFileReference section */
		055884862E0D49084F3D5965 /* Pods.framework */ = {isa = PBXFileReference; explicitFileType = wrapper.framework; includeInIndex = 0; path = Pods.framework; sourceTree = BUILT_PRODUCTS_DIR; };
		0B07E118F25208BF31A567D1 /* Pods-correct42Tests.debug.xcconfig */ = {isa = PBXFileReference; includeInIndex = 1; lastKnownFileType = text.xcconfig; name = "Pods-correct42Tests.debug.xcconfig"; path = "Pods/Target Support Files/Pods-correct42Tests/Pods-correct42Tests.debug.xcconfig"; sourceTree = "<group>"; };
		12EC1AC1A5B31F1C01F027E8 /* Pods-correct42.release.xcconfig */ = {isa = PBXFileReference; includeInIndex = 1; lastKnownFileType = text.xcconfig; name = "Pods-correct42.release.xcconfig"; path = "Pods/Target Support Files/Pods-correct42/Pods-correct42.release.xcconfig"; sourceTree = "<group>"; };
		38DE91D259426C794AA0937A /* Pods_correct42UITests.framework */ = {isa = PBXFileReference; explicitFileType = wrapper.framework; includeInIndex = 0; path = Pods_correct42UITests.framework; sourceTree = BUILT_PRODUCTS_DIR; };
		462BAFE71CD6264E000F9F34 /* projectCell.xib */ = {isa = PBXFileReference; fileEncoding = 4; lastKnownFileType = file.xib; name = projectCell.xib; path = "views/Table Cells/projectCell.xib"; sourceTree = "<group>"; };
		462BAFE91CD62909000F9F34 /* ProjectTableViewCell.swift */ = {isa = PBXFileReference; fileEncoding = 4; lastKnownFileType = sourcecode.swift; name = ProjectTableViewCell.swift; path = "views/Table Cells/ProjectTableViewCell.swift"; sourceTree = "<group>"; };
		4630FCF91CF3887E00B37031 /* SearchManager.swift */ = {isa = PBXFileReference; fileEncoding = 4; lastKnownFileType = sourcecode.swift; name = SearchManager.swift; path = Services/SearchManager.swift; sourceTree = "<group>"; };
		464378EA1CFF4D230066F9BC /* usersNameListV1.1.1.txt */ = {isa = PBXFileReference; fileEncoding = 4; lastKnownFileType = text; name = usersNameListV1.1.1.txt; path = Ressources/usersNameListV1.1.1.txt; sourceTree = "<group>"; };
		4648C9A21CC6A9F700E82D68 /* AppDelegate.swift */ = {isa = PBXFileReference; fileEncoding = 4; lastKnownFileType = sourcecode.swift; name = AppDelegate.swift; path = correct42/AppDelegate.swift; sourceTree = "<group>"; };
		4658A4FA1CD0FDFB001C0968 /* ApiCredentialTests.swift */ = {isa = PBXFileReference; fileEncoding = 4; lastKnownFileType = sourcecode.swift; name = ApiCredentialTests.swift; path = Library/ApiCredentialTests.swift; sourceTree = "<group>"; };
		468347EC1CF769D900F7C1AD /* addEventToCalendar.swift */ = {isa = PBXFileReference; fileEncoding = 4; lastKnownFileType = sourcecode.swift; name = addEventToCalendar.swift; path = Helpers/addEventToCalendar.swift; sourceTree = "<group>"; };
		468347EE1CF85F5D00F7C1AD /* Achievement.swift */ = {isa = PBXFileReference; fileEncoding = 4; lastKnownFileType = sourcecode.swift; name = Achievement.swift; path = Models/Achievement.swift; sourceTree = "<group>"; };
		468347EF1CF85F5D00F7C1AD /* Campus.swift */ = {isa = PBXFileReference; fileEncoding = 4; lastKnownFileType = sourcecode.swift; name = Campus.swift; path = Models/Campus.swift; sourceTree = "<group>"; };
		468347F01CF85F5D00F7C1AD /* Cursus.swift */ = {isa = PBXFileReference; fileEncoding = 4; lastKnownFileType = sourcecode.swift; name = Cursus.swift; path = Models/Cursus.swift; sourceTree = "<group>"; };
		468347F11CF85F5D00F7C1AD /* Flag.swift */ = {isa = PBXFileReference; fileEncoding = 4; lastKnownFileType = sourcecode.swift; name = Flag.swift; path = Models/Flag.swift; sourceTree = "<group>"; };
		468347F21CF85F5D00F7C1AD /* Language.swift */ = {isa = PBXFileReference; fileEncoding = 4; lastKnownFileType = sourcecode.swift; name = Language.swift; path = Models/Language.swift; sourceTree = "<group>"; };
		468347F31CF85F5D00F7C1AD /* Project.swift */ = {isa = PBXFileReference; fileEncoding = 4; lastKnownFileType = sourcecode.swift; name = Project.swift; path = Models/Project.swift; sourceTree = "<group>"; };
		468347F41CF85F5D00F7C1AD /* Scale.swift */ = {isa = PBXFileReference; fileEncoding = 4; lastKnownFileType = sourcecode.swift; name = Scale.swift; path = Models/Scale.swift; sourceTree = "<group>"; };
		468347F51CF85F5D00F7C1AD /* ScaleTeam.swift */ = {isa = PBXFileReference; fileEncoding = 4; lastKnownFileType = sourcecode.swift; name = ScaleTeam.swift; path = Models/ScaleTeam.swift; sourceTree = "<group>"; };
		468347F61CF85F5D00F7C1AD /* ScaleTeamsManager.swift */ = {isa = PBXFileReference; fileEncoding = 4; lastKnownFileType = sourcecode.swift; name = ScaleTeamsManager.swift; path = Models/ScaleTeamsManager.swift; sourceTree = "<group>"; };
		468347F71CF85F5D00F7C1AD /* Skill.swift */ = {isa = PBXFileReference; fileEncoding = 4; lastKnownFileType = sourcecode.swift; name = Skill.swift; path = Models/Skill.swift; sourceTree = "<group>"; };
		468347F81CF85F5D00F7C1AD /* SuperModel.swift */ = {isa = PBXFileReference; fileEncoding = 4; lastKnownFileType = sourcecode.swift; name = SuperModel.swift; path = Models/SuperModel.swift; sourceTree = "<group>"; };
		468347F91CF85F5D00F7C1AD /* Team.swift */ = {isa = PBXFileReference; fileEncoding = 4; lastKnownFileType = sourcecode.swift; name = Team.swift; path = Models/Team.swift; sourceTree = "<group>"; };
		468347FA1CF85F5D00F7C1AD /* TeamUpload.swift */ = {isa = PBXFileReference; fileEncoding = 4; lastKnownFileType = sourcecode.swift; name = TeamUpload.swift; path = Models/TeamUpload.swift; sourceTree = "<group>"; };
		468347FB1CF85F5D00F7C1AD /* Title.swift */ = {isa = PBXFileReference; fileEncoding = 4; lastKnownFileType = sourcecode.swift; name = Title.swift; path = Models/Title.swift; sourceTree = "<group>"; };
		468347FC1CF85F5D00F7C1AD /* Upload.swift */ = {isa = PBXFileReference; fileEncoding = 4; lastKnownFileType = sourcecode.swift; name = Upload.swift; path = Models/Upload.swift; sourceTree = "<group>"; };
		468347FD1CF85F5D00F7C1AD /* User.swift */ = {isa = PBXFileReference; fileEncoding = 4; lastKnownFileType = sourcecode.swift; name = User.swift; path = Models/User.swift; sourceTree = "<group>"; };
		4683480E1CF85F8400F7C1AD /* LoginViewController.swift */ = {isa = PBXFileReference; fileEncoding = 4; lastKnownFileType = sourcecode.swift; name = LoginViewController.swift; path = Controllers/LoginViewController.swift; sourceTree = "<group>"; };
		4683480F1CF85F8400F7C1AD /* ProfilViewController.swift */ = {isa = PBXFileReference; fileEncoding = 4; lastKnownFileType = sourcecode.swift; name = ProfilViewController.swift; path = Controllers/ProfilViewController.swift; sourceTree = "<group>"; };
		468348101CF85F8400F7C1AD /* ProjectsViewController.swift */ = {isa = PBXFileReference; fileEncoding = 4; lastKnownFileType = sourcecode.swift; name = ProjectsViewController.swift; path = Controllers/ProjectsViewController.swift; sourceTree = "<group>"; };
		468348111CF85F8400F7C1AD /* ScaleTeamsViewController.swift */ = {isa = PBXFileReference; fileEncoding = 4; lastKnownFileType = sourcecode.swift; name = ScaleTeamsViewController.swift; path = Controllers/ScaleTeamsViewController.swift; sourceTree = "<group>"; };
		468348121CF85F8400F7C1AD /* SearchUserContainerViewController.swift */ = {isa = PBXFileReference; fileEncoding = 4; lastKnownFileType = sourcecode.swift; name = SearchUserContainerViewController.swift; path = Controllers/SearchUserContainerViewController.swift; sourceTree = "<group>"; };
		468348131CF85F8400F7C1AD /* SearchUserViewController.swift */ = {isa = PBXFileReference; fileEncoding = 4; lastKnownFileType = sourcecode.swift; name = SearchUserViewController.swift; path = Controllers/SearchUserViewController.swift; sourceTree = "<group>"; };
		468348141CF85F8400F7C1AD /* SkillsViewController.swift */ = {isa = PBXFileReference; fileEncoding = 4; lastKnownFileType = sourcecode.swift; name = SkillsViewController.swift; path = Controllers/SkillsViewController.swift; sourceTree = "<group>"; };
		468348151CF85F8400F7C1AD /* TabBarViewController.swift */ = {isa = PBXFileReference; fileEncoding = 4; lastKnownFileType = sourcecode.swift; name = TabBarViewController.swift; path = Controllers/TabBarViewController.swift; sourceTree = "<group>"; };
		468348161CF85F8400F7C1AD /* UserViewController.swift */ = {isa = PBXFileReference; fileEncoding = 4; lastKnownFileType = sourcecode.swift; name = UserViewController.swift; path = Controllers/UserViewController.swift; sourceTree = "<group>"; };
		468348201CF85FB400F7C1AD /* LoginView.storyboard */ = {isa = PBXFileReference; fileEncoding = 4; lastKnownFileType = file.storyboard; name = LoginView.storyboard; path = views/LoginView.storyboard; sourceTree = "<group>"; };
		468348211CF85FB400F7C1AD /* Projects.storyboard */ = {isa = PBXFileReference; fileEncoding = 4; lastKnownFileType = file.storyboard; name = Projects.storyboard; path = views/Projects.storyboard; sourceTree = "<group>"; };
		468348221CF85FB400F7C1AD /* Skills.storyboard */ = {isa = PBXFileReference; fileEncoding = 4; lastKnownFileType = file.storyboard; name = Skills.storyboard; path = views/Skills.storyboard; sourceTree = "<group>"; };
		468348231CF85FB400F7C1AD /* TabBarView.storyboard */ = {isa = PBXFileReference; fileEncoding = 4; lastKnownFileType = file.storyboard; name = TabBarView.storyboard; path = views/TabBarView.storyboard; sourceTree = "<group>"; };
		468348281CF85FDA00F7C1AD /* skillCell.xib */ = {isa = PBXFileReference; fileEncoding = 4; lastKnownFileType = file.xib; name = skillCell.xib; path = "views/Table Cells/skillCell.xib"; sourceTree = "<group>"; };
		4683482A1CF85FE100F7C1AD /* searchUserCell.xib */ = {isa = PBXFileReference; fileEncoding = 4; lastKnownFileType = file.xib; name = searchUserCell.xib; path = "views/Table Cells/searchUserCell.xib"; sourceTree = "<group>"; };
		4683482D1CF8600300F7C1AD /* UserManager.swift */ = {isa = PBXFileReference; fileEncoding = 4; lastKnownFileType = sourcecode.swift; name = UserManager.swift; path = Services/UserManager.swift; sourceTree = "<group>"; };
		468348301CF8602200F7C1AD /* ApiCredential.swift */ = {isa = PBXFileReference; fileEncoding = 4; lastKnownFileType = sourcecode.swift; name = ApiCredential.swift; path = Library/Api/ApiCredential.swift; sourceTree = "<group>"; };
		468348311CF8602200F7C1AD /* ApiRequester.swift */ = {isa = PBXFileReference; fileEncoding = 4; lastKnownFileType = sourcecode.swift; name = ApiRequester.swift; path = Library/Api/ApiRequester.swift; sourceTree = "<group>"; };
		468348341CF8602C00F7C1AD /* ApiRouter.swift */ = {isa = PBXFileReference; fileEncoding = 4; lastKnownFileType = sourcecode.swift; name = ApiRouter.swift; path = Library/Api/Routers/Protocols/ApiRouter.swift; sourceTree = "<group>"; };
		468348361CF8603500F7C1AD /* ScaleTeamsRouter.swift */ = {isa = PBXFileReference; fileEncoding = 4; lastKnownFileType = sourcecode.swift; name = ScaleTeamsRouter.swift; path = Library/Api/Routers/ScaleTeamsRouter.swift; sourceTree = "<group>"; };
		468348371CF8603500F7C1AD /* UserRouter.swift */ = {isa = PBXFileReference; fileEncoding = 4; lastKnownFileType = sourcecode.swift; name = UserRouter.swift; path = Library/Api/Routers/UserRouter.swift; sourceTree = "<group>"; };
		4683483A1CF8603F00F7C1AD /* ShowAlert.swift */ = {isa = PBXFileReference; fileEncoding = 4; lastKnownFileType = sourcecode.swift; name = ShowAlert.swift; path = Helpers/ShowAlert.swift; sourceTree = "<group>"; };
		4683B4611CC26999005DBAA6 /* Open42.app */ = {isa = PBXFileReference; explicitFileType = wrapper.application; includeInIndex = 0; path = Open42.app; sourceTree = BUILT_PRODUCTS_DIR; };
		4683B46B1CC26999005DBAA6 /* Assets.xcassets */ = {isa = PBXFileReference; lastKnownFileType = folder.assetcatalog; name = Assets.xcassets; path = correct42/Assets.xcassets; sourceTree = "<group>"; };
		4683B46E1CC26999005DBAA6 /* Base */ = {isa = PBXFileReference; lastKnownFileType = file.storyboard; name = Base; path = Base.lproj/LaunchScreen.storyboard; sourceTree = "<group>"; };
		4683B4701CC26999005DBAA6 /* Info.plist */ = {isa = PBXFileReference; lastKnownFileType = text.plist.xml; name = Info.plist; path = correct42/Info.plist; sourceTree = "<group>"; };
		4683B4751CC26999005DBAA6 /* Open42.xctest */ = {isa = PBXFileReference; explicitFileType = wrapper.cfbundle; includeInIndex = 0; path = Open42.xctest; sourceTree = BUILT_PRODUCTS_DIR; };
		4683B4791CC26999005DBAA6 /* correct42Tests.swift */ = {isa = PBXFileReference; lastKnownFileType = sourcecode.swift; path = correct42Tests.swift; sourceTree = "<group>"; };
		4683B47B1CC26999005DBAA6 /* Info.plist */ = {isa = PBXFileReference; lastKnownFileType = text.plist.xml; path = Info.plist; sourceTree = "<group>"; };
		4683B4801CC26999005DBAA6 /* Open42.xctest */ = {isa = PBXFileReference; explicitFileType = wrapper.cfbundle; includeInIndex = 0; path = Open42.xctest; sourceTree = BUILT_PRODUCTS_DIR; };
		4683B4841CC26999005DBAA6 /* correct42UITests.swift */ = {isa = PBXFileReference; lastKnownFileType = sourcecode.swift; path = correct42UITests.swift; sourceTree = "<group>"; };
		4683B4861CC26999005DBAA6 /* Info.plist */ = {isa = PBXFileReference; lastKnownFileType = text.plist.xml; path = Info.plist; sourceTree = "<group>"; };
		469804271CF4DB3C007C2D2B /* SearchManagerDelegation.swift */ = {isa = PBXFileReference; fileEncoding = 4; lastKnownFileType = sourcecode.swift; name = SearchManagerDelegation.swift; path = Services/Delegations/SearchManagerDelegation.swift; sourceTree = "<group>"; };
		46AB96D21CE9052E00908F1F /* ScaleTeamCell.xib */ = {isa = PBXFileReference; fileEncoding = 4; lastKnownFileType = file.xib; name = ScaleTeamCell.xib; path = "views/Table Cells/ScalesTeam/ScaleTeamCell.xib"; sourceTree = "<group>"; };
		46AB96D41CE913CE00908F1F /* ScaleTeamTableViewCell.swift */ = {isa = PBXFileReference; fileEncoding = 4; lastKnownFileType = sourcecode.swift; name = ScaleTeamTableViewCell.swift; path = "views/Table Cells/ScalesTeam/ScaleTeamTableViewCell.swift"; sourceTree = "<group>"; };
		46B3DDE91CD6628B008A2D05 /* SkillTableViewCell.swift */ = {isa = PBXFileReference; fileEncoding = 4; lastKnownFileType = sourcecode.swift; name = SkillTableViewCell.swift; path = "views/Table Cells/SkillTableViewCell.swift"; sourceTree = "<group>"; };
		46B3DDF11CD79442008A2D05 /* SearchUserTableViewCell.swift */ = {isa = PBXFileReference; fileEncoding = 4; lastKnownFileType = sourcecode.swift; name = SearchUserTableViewCell.swift; path = "views/Table Cells/SearchUserTableViewCell.swift"; sourceTree = "<group>"; };
		46E7895D1CCCFA4A00D4CBE3 /* Alamofire.framework */ = {isa = PBXFileReference; lastKnownFileType = wrapper.framework; name = Alamofire.framework; path = "../../../../../Library/Developer/Xcode/DerivedData/correct42-chxutplijvficiclvoxgimrigxxa/Build/Products/Debug-iphonesimulator/Alamofire.framework"; sourceTree = "<group>"; };
		46E7895E1CCCFA4A00D4CBE3 /* OAuthSwift.framework */ = {isa = PBXFileReference; lastKnownFileType = wrapper.framework; name = OAuthSwift.framework; path = "../../../../../Library/Developer/Xcode/DerivedData/correct42-chxutplijvficiclvoxgimrigxxa/Build/Products/Debug-iphonesimulator/OAuthSwift.framework"; sourceTree = "<group>"; };
		46F9182B1D02F926001FFD6D /* UILabelPhone.swift */ = {isa = PBXFileReference; fileEncoding = 4; lastKnownFileType = sourcecode.swift; name = UILabelPhone.swift; path = System/Labels/UILabelPhone.swift; sourceTree = "<group>"; };
		CC51351C6D40756D2B1095AC /* Pods-correct42UITests.release.xcconfig */ = {isa = PBXFileReference; includeInIndex = 1; lastKnownFileType = text.xcconfig; name = "Pods-correct42UITests.release.xcconfig"; path = "Pods/Target Support Files/Pods-correct42UITests/Pods-correct42UITests.release.xcconfig"; sourceTree = "<group>"; };
		CED89C7B1CDB5120001FC0CC /* SwiftyJSON.framework */ = {isa = PBXFileReference; lastKnownFileType = wrapper.framework; name = SwiftyJSON.framework; path = "Pods/../build/Debug-iphoneos/SwiftyJSON.framework"; sourceTree = "<group>"; };
		DF0EB92496AEA7A93ACB2511 /* Pods-correct42Tests.release.xcconfig */ = {isa = PBXFileReference; includeInIndex = 1; lastKnownFileType = text.xcconfig; name = "Pods-correct42Tests.release.xcconfig"; path = "Pods/Target Support Files/Pods-correct42Tests/Pods-correct42Tests.release.xcconfig"; sourceTree = "<group>"; };
		E1A732D1AFE4D85890AFF12E /* Pods_correct42.framework */ = {isa = PBXFileReference; explicitFileType = wrapper.framework; includeInIndex = 0; path = Pods_correct42.framework; sourceTree = BUILT_PRODUCTS_DIR; };
		E59FA4332E694A0D46F63906 /* Pods-correct42UITests.debug.xcconfig */ = {isa = PBXFileReference; includeInIndex = 1; lastKnownFileType = text.xcconfig; name = "Pods-correct42UITests.debug.xcconfig"; path = "Pods/Target Support Files/Pods-correct42UITests/Pods-correct42UITests.debug.xcconfig"; sourceTree = "<group>"; };
		F12A6434D69FE129520ACEDE /* Pods-correct42.debug.xcconfig */ = {isa = PBXFileReference; includeInIndex = 1; lastKnownFileType = text.xcconfig; name = "Pods-correct42.debug.xcconfig"; path = "Pods/Target Support Files/Pods-correct42/Pods-correct42.debug.xcconfig"; sourceTree = "<group>"; };
		F1D2362D2EFD3B19E5CC5333 /* Pods_correct42Tests.framework */ = {isa = PBXFileReference; explicitFileType = wrapper.framework; includeInIndex = 0; path = Pods_correct42Tests.framework; sourceTree = BUILT_PRODUCTS_DIR; };
/* End PBXFileReference section */

/* Begin PBXFrameworksBuildPhase section */
		4683B45E1CC26999005DBAA6 /* Frameworks */ = {
			isa = PBXFrameworksBuildPhase;
			buildActionMask = 2147483647;
			files = (
				CED89C7C1CDB5120001FC0CC /* SwiftyJSON.framework in Frameworks */,
				46E7895F1CCCFA4A00D4CBE3 /* Alamofire.framework in Frameworks */,
				46E789601CCCFA4A00D4CBE3 /* OAuthSwift.framework in Frameworks */,
				B9746AC7A499CF43FDC0C6C0 /* Pods_correct42.framework in Frameworks */,
			);
			runOnlyForDeploymentPostprocessing = 0;
		};
		4683B4721CC26999005DBAA6 /* Frameworks */ = {
			isa = PBXFrameworksBuildPhase;
			buildActionMask = 2147483647;
			files = (
				27D316A4B243CDBE5EFE7CD4 /* Pods_correct42Tests.framework in Frameworks */,
			);
			runOnlyForDeploymentPostprocessing = 0;
		};
		4683B47D1CC26999005DBAA6 /* Frameworks */ = {
			isa = PBXFrameworksBuildPhase;
			buildActionMask = 2147483647;
			files = (
				B60C27431EB982CC53DC70F0 /* Pods_correct42UITests.framework in Frameworks */,
			);
			runOnlyForDeploymentPostprocessing = 0;
		};
/* End PBXFrameworksBuildPhase section */

/* Begin PBXGroup section */
		462BAFE61CD6261A000F9F34 /* Table Cells */ = {
			isa = PBXGroup;
			children = (
				46AB96D11CE904FF00908F1F /* Scale Teams */,
				462BAFE71CD6264E000F9F34 /* projectCell.xib */,
				462BAFE91CD62909000F9F34 /* ProjectTableViewCell.swift */,
				468348281CF85FDA00F7C1AD /* skillCell.xib */,
				46B3DDE91CD6628B008A2D05 /* SkillTableViewCell.swift */,
				4683482A1CF85FE100F7C1AD /* searchUserCell.xib */,
				46B3DDF11CD79442008A2D05 /* SearchUserTableViewCell.swift */,
			);
			name = "Table Cells";
			sourceTree = "<group>";
		};
		464378E91CFF4CC10066F9BC /* Ressources */ = {
			isa = PBXGroup;
			children = (
				464378EA1CFF4D230066F9BC /* usersNameListV1.1.1.txt */,
			);
			name = Ressources;
			sourceTree = "<group>";
		};
		4648C9AA1CC6E32F00E82D68 /* Supporting Files */ = {
			isa = PBXGroup;
			children = (
				4683B46B1CC26999005DBAA6 /* Assets.xcassets */,
				4648C9A21CC6A9F700E82D68 /* AppDelegate.swift */,
				4683B4701CC26999005DBAA6 /* Info.plist */,
			);
			name = "Supporting Files";
			path = ..;
			sourceTree = "<group>";
		};
		4658A4EC1CCFBFFC001C0968 /* Library */ = {
			isa = PBXGroup;
			children = (
				4658A4ED1CCFC12A001C0968 /* Api */,
			);
			name = Library;
			sourceTree = "<group>";
		};
		4658A4ED1CCFC12A001C0968 /* Api */ = {
			isa = PBXGroup;
			children = (
				468348301CF8602200F7C1AD /* ApiCredential.swift */,
				468348311CF8602200F7C1AD /* ApiRequester.swift */,
				4658A4EE1CCFC147001C0968 /* Routers */,
			);
			name = Api;
			sourceTree = "<group>";
		};
		4658A4EE1CCFC147001C0968 /* Routers */ = {
			isa = PBXGroup;
			children = (
				468348361CF8603500F7C1AD /* ScaleTeamsRouter.swift */,
				468348371CF8603500F7C1AD /* UserRouter.swift */,
				4658A4FE1CD10971001C0968 /* Protocols */,
			);
			name = Routers;
			sourceTree = "<group>";
		};
		4658A4F81CD0FDA0001C0968 /* Api */ = {
			isa = PBXGroup;
			children = (
			);
			name = Api;
			sourceTree = "<group>";
		};
		4658A4F91CD0FDA8001C0968 /* Library */ = {
			isa = PBXGroup;
			children = (
				4658A4F81CD0FDA0001C0968 /* Api */,
				4658A4FA1CD0FDFB001C0968 /* ApiCredentialTests.swift */,
			);
			name = Library;
			sourceTree = "<group>";
		};
		4658A4FE1CD10971001C0968 /* Protocols */ = {
			isa = PBXGroup;
			children = (
				468348341CF8602C00F7C1AD /* ApiRouter.swift */,
			);
			name = Protocols;
			sourceTree = "<group>";
		};
		4658A5041CD12B79001C0968 /* Helpers */ = {
			isa = PBXGroup;
			children = (
				468347EC1CF769D900F7C1AD /* addEventToCalendar.swift */,
				4683483A1CF8603F00F7C1AD /* ShowAlert.swift */,
			);
			name = Helpers;
			sourceTree = "<group>";
		};
		4683B4581CC26999005DBAA6 = {
			isa = PBXGroup;
			children = (
				4683B4631CC26999005DBAA6 /* Open42 */,
				4683B4781CC26999005DBAA6 /* correct42Tests */,
				4683B4831CC26999005DBAA6 /* correct42UITests */,
				4683B4621CC26999005DBAA6 /* Products */,
				A8DDDEA8BFB5A4B034B6E341 /* Frameworks */,
				F20872B069953B932C171E12 /* Pods */,
			);
			sourceTree = "<group>";
		};
		4683B4621CC26999005DBAA6 /* Products */ = {
			isa = PBXGroup;
			children = (
				4683B4611CC26999005DBAA6 /* Open42.app */,
				4683B4751CC26999005DBAA6 /* Open42.xctest */,
				4683B4801CC26999005DBAA6 /* Open42.xctest */,
			);
			name = Products;
			sourceTree = "<group>";
		};
		4683B4631CC26999005DBAA6 /* Open42 */ = {
			isa = PBXGroup;
			children = (
				46F918291D02F8D0001FFD6D /* System */,
				464378E91CFF4CC10066F9BC /* Ressources */,
				4658A5041CD12B79001C0968 /* Helpers */,
				4658A4EC1CCFBFFC001C0968 /* Library */,
				4648C9AA1CC6E32F00E82D68 /* Supporting Files */,
				4683B4951CC2735A005DBAA6 /* Services */,
				4683B4941CC2734D005DBAA6 /* Views */,
				4683B4931CC2733D005DBAA6 /* Controllers */,
				4683B4921CC27336005DBAA6 /* Models */,
			);
			name = Open42;
			path = correct42;
			sourceTree = "<group>";
		};
		4683B4781CC26999005DBAA6 /* correct42Tests */ = {
			isa = PBXGroup;
			children = (
				4658A4F91CD0FDA8001C0968 /* Library */,
				4683B4791CC26999005DBAA6 /* correct42Tests.swift */,
				4683B47B1CC26999005DBAA6 /* Info.plist */,
			);
			path = correct42Tests;
			sourceTree = "<group>";
		};
		4683B4831CC26999005DBAA6 /* correct42UITests */ = {
			isa = PBXGroup;
			children = (
				4683B4841CC26999005DBAA6 /* correct42UITests.swift */,
				4683B4861CC26999005DBAA6 /* Info.plist */,
			);
			path = correct42UITests;
			sourceTree = "<group>";
		};
		4683B4921CC27336005DBAA6 /* Models */ = {
			isa = PBXGroup;
			children = (
				468347EE1CF85F5D00F7C1AD /* Achievement.swift */,
				468347EF1CF85F5D00F7C1AD /* Campus.swift */,
				468347F01CF85F5D00F7C1AD /* Cursus.swift */,
				468347F11CF85F5D00F7C1AD /* Flag.swift */,
				468347F21CF85F5D00F7C1AD /* Language.swift */,
				468347F31CF85F5D00F7C1AD /* Project.swift */,
				468347F41CF85F5D00F7C1AD /* Scale.swift */,
				468347F51CF85F5D00F7C1AD /* ScaleTeam.swift */,
				468347F71CF85F5D00F7C1AD /* Skill.swift */,
				468347F81CF85F5D00F7C1AD /* SuperModel.swift */,
				468347F91CF85F5D00F7C1AD /* Team.swift */,
				468347FA1CF85F5D00F7C1AD /* TeamUpload.swift */,
				468347FB1CF85F5D00F7C1AD /* Title.swift */,
				468347FC1CF85F5D00F7C1AD /* Upload.swift */,
				468347FD1CF85F5D00F7C1AD /* User.swift */,
			);
			name = Models;
			sourceTree = "<group>";
		};
		4683B4931CC2733D005DBAA6 /* Controllers */ = {
			isa = PBXGroup;
			children = (
				4683480E1CF85F8400F7C1AD /* LoginViewController.swift */,
				4683480F1CF85F8400F7C1AD /* ProfilViewController.swift */,
				468348101CF85F8400F7C1AD /* ProjectsViewController.swift */,
				468348111CF85F8400F7C1AD /* ScaleTeamsViewController.swift */,
				468348121CF85F8400F7C1AD /* SearchUserContainerViewController.swift */,
				468348131CF85F8400F7C1AD /* SearchUserViewController.swift */,
				468348141CF85F8400F7C1AD /* SkillsViewController.swift */,
				468348151CF85F8400F7C1AD /* TabBarViewController.swift */,
				468348161CF85F8400F7C1AD /* UserViewController.swift */,
			);
			name = Controllers;
			sourceTree = "<group>";
		};
		4683B4941CC2734D005DBAA6 /* Views */ = {
			isa = PBXGroup;
			children = (
				468348201CF85FB400F7C1AD /* LoginView.storyboard */,
				468348211CF85FB400F7C1AD /* Projects.storyboard */,
				468348221CF85FB400F7C1AD /* Skills.storyboard */,
				468348231CF85FB400F7C1AD /* TabBarView.storyboard */,
				462BAFE61CD6261A000F9F34 /* Table Cells */,
				4683B46D1CC26999005DBAA6 /* LaunchScreen.storyboard */,
			);
			name = Views;
			sourceTree = "<group>";
		};
		4683B4951CC2735A005DBAA6 /* Services */ = {
			isa = PBXGroup;
			children = (
				469804261CF4D956007C2D2B /* delegations */,
				4630FCF91CF3887E00B37031 /* SearchManager.swift */,
				4683482D1CF8600300F7C1AD /* UserManager.swift */,
				468347F61CF85F5D00F7C1AD /* ScaleTeamsManager.swift */,
			);
			name = Services;
			sourceTree = "<group>";
		};
		469804261CF4D956007C2D2B /* delegations */ = {
			isa = PBXGroup;
			children = (
				469804271CF4DB3C007C2D2B /* SearchManagerDelegation.swift */,
			);
			name = delegations;
			sourceTree = "<group>";
		};
		46AB96D11CE904FF00908F1F /* Scale Teams */ = {
			isa = PBXGroup;
			children = (
				46AB96D21CE9052E00908F1F /* ScaleTeamCell.xib */,
				46AB96D41CE913CE00908F1F /* ScaleTeamTableViewCell.swift */,
			);
			name = "Scale Teams";
			sourceTree = "<group>";
		};
		46F918291D02F8D0001FFD6D /* System */ = {
			isa = PBXGroup;
			children = (
				46F9182A1D02F8DE001FFD6D /* Label */,
			);
			name = System;
			sourceTree = "<group>";
		};
		46F9182A1D02F8DE001FFD6D /* Label */ = {
			isa = PBXGroup;
			children = (
				46F9182B1D02F926001FFD6D /* UILabelPhone.swift */,
			);
			name = Label;
			sourceTree = "<group>";
		};
		A8DDDEA8BFB5A4B034B6E341 /* Frameworks */ = {
			isa = PBXGroup;
			children = (
				CED89C7B1CDB5120001FC0CC /* SwiftyJSON.framework */,
				46E7895D1CCCFA4A00D4CBE3 /* Alamofire.framework */,
				46E7895E1CCCFA4A00D4CBE3 /* OAuthSwift.framework */,
				055884862E0D49084F3D5965 /* Pods.framework */,
				E1A732D1AFE4D85890AFF12E /* Pods_correct42.framework */,
				F1D2362D2EFD3B19E5CC5333 /* Pods_correct42Tests.framework */,
				38DE91D259426C794AA0937A /* Pods_correct42UITests.framework */,
			);
			name = Frameworks;
			sourceTree = "<group>";
		};
		F20872B069953B932C171E12 /* Pods */ = {
			isa = PBXGroup;
			children = (
				F12A6434D69FE129520ACEDE /* Pods-correct42.debug.xcconfig */,
				12EC1AC1A5B31F1C01F027E8 /* Pods-correct42.release.xcconfig */,
				0B07E118F25208BF31A567D1 /* Pods-correct42Tests.debug.xcconfig */,
				DF0EB92496AEA7A93ACB2511 /* Pods-correct42Tests.release.xcconfig */,
				E59FA4332E694A0D46F63906 /* Pods-correct42UITests.debug.xcconfig */,
				CC51351C6D40756D2B1095AC /* Pods-correct42UITests.release.xcconfig */,
			);
			name = Pods;
			sourceTree = "<group>";
		};
/* End PBXGroup section */

/* Begin PBXNativeTarget section */
		4683B4601CC26999005DBAA6 /* Open42 */ = {
			isa = PBXNativeTarget;
			buildConfigurationList = 4683B4891CC26999005DBAA6 /* Build configuration list for PBXNativeTarget "Open42" */;
			buildPhases = (
				8FC5771B36747FBD35F23AFC /* 📦 Check Pods Manifest.lock */,
				4683B45D1CC26999005DBAA6 /* Sources */,
				4683B45E1CC26999005DBAA6 /* Frameworks */,
				4683B45F1CC26999005DBAA6 /* Resources */,
				46B7BC181CC59AA900FF610A /* CopyFiles */,
				382966E9C6857BF315E85CA2 /* 📦 Embed Pods Frameworks */,
				C221987CDA5C8A32E2422272 /* 📦 Copy Pods Resources */,
				46E4CC101CF869550078F026 /* ShellScript */,
			);
			buildRules = (
			);
			dependencies = (
			);
			name = Open42;
			productName = correct42;
			productReference = 4683B4611CC26999005DBAA6 /* Open42.app */;
			productType = "com.apple.product-type.application";
		};
		4683B4741CC26999005DBAA6 /* Open42Tests */ = {
			isa = PBXNativeTarget;
			buildConfigurationList = 4683B48C1CC26999005DBAA6 /* Build configuration list for PBXNativeTarget "Open42Tests" */;
			buildPhases = (
				2B3F7393CE81E7214BA066A1 /* 📦 Check Pods Manifest.lock */,
				4683B4711CC26999005DBAA6 /* Sources */,
				4683B4721CC26999005DBAA6 /* Frameworks */,
				4683B4731CC26999005DBAA6 /* Resources */,
				F1D43B22F6B4AD774B6D5CD9 /* 📦 Embed Pods Frameworks */,
				5BB440DCE712EA3DA5809E0E /* 📦 Copy Pods Resources */,
			);
			buildRules = (
			);
			dependencies = (
				4683B4771CC26999005DBAA6 /* PBXTargetDependency */,
			);
			name = Open42Tests;
			productName = correct42Tests;
			productReference = 4683B4751CC26999005DBAA6 /* Open42.xctest */;
			productType = "com.apple.product-type.bundle.unit-test";
		};
		4683B47F1CC26999005DBAA6 /* Open42UITests */ = {
			isa = PBXNativeTarget;
			buildConfigurationList = 4683B48F1CC26999005DBAA6 /* Build configuration list for PBXNativeTarget "Open42UITests" */;
			buildPhases = (
				06F5FD1CDA1714F849EEAB32 /* 📦 Check Pods Manifest.lock */,
				4683B47C1CC26999005DBAA6 /* Sources */,
				4683B47D1CC26999005DBAA6 /* Frameworks */,
				4683B47E1CC26999005DBAA6 /* Resources */,
				63002D9958614C5AF069F0D1 /* 📦 Copy Pods Resources */,
			);
			buildRules = (
			);
			dependencies = (
				4683B4821CC26999005DBAA6 /* PBXTargetDependency */,
			);
			name = Open42UITests;
			productName = correct42UITests;
			productReference = 4683B4801CC26999005DBAA6 /* Open42.xctest */;
			productType = "com.apple.product-type.bundle.ui-testing";
		};
/* End PBXNativeTarget section */

/* Begin PBXProject section */
		4683B4591CC26999005DBAA6 /* Project object */ = {
			isa = PBXProject;
			attributes = {
				LastSwiftUpdateCheck = 0730;
				LastUpgradeCheck = 0730;
				ORGANIZATIONNAME = 42;
				TargetAttributes = {
					4683B4601CC26999005DBAA6 = {
						CreatedOnToolsVersion = 7.3;
						DevelopmentTeam = UGR28EXSQ5;
					};
					4683B4741CC26999005DBAA6 = {
						CreatedOnToolsVersion = 7.3;
						TestTargetID = 4683B4601CC26999005DBAA6;
					};
					4683B47F1CC26999005DBAA6 = {
						CreatedOnToolsVersion = 7.3;
						TestTargetID = 4683B4601CC26999005DBAA6;
					};
				};
			};
			buildConfigurationList = 4683B45C1CC26999005DBAA6 /* Build configuration list for PBXProject "Open42" */;
			compatibilityVersion = "Xcode 3.2";
			developmentRegion = English;
			hasScannedForEncodings = 0;
			knownRegions = (
				en,
				Base,
			);
			mainGroup = 4683B4581CC26999005DBAA6;
			productRefGroup = 4683B4621CC26999005DBAA6 /* Products */;
			projectDirPath = "";
			projectRoot = "";
			targets = (
				4683B4601CC26999005DBAA6 /* Open42 */,
				4683B4741CC26999005DBAA6 /* Open42Tests */,
				4683B47F1CC26999005DBAA6 /* Open42UITests */,
			);
		};
/* End PBXProject section */

/* Begin PBXResourcesBuildPhase section */
		4683B45F1CC26999005DBAA6 /* Resources */ = {
			isa = PBXResourcesBuildPhase;
			buildActionMask = 2147483647;
			files = (
				4683B46F1CC26999005DBAA6 /* LaunchScreen.storyboard in Resources */,
				464378EB1CFF4D230066F9BC /* usersNameListV1.1.1.txt in Resources */,
				4683B46C1CC26999005DBAA6 /* Assets.xcassets in Resources */,
				46AB96D31CE9052E00908F1F /* ScaleTeamCell.xib in Resources */,
				468348271CF85FB400F7C1AD /* TabBarView.storyboard in Resources */,
				462BAFE81CD6264E000F9F34 /* projectCell.xib in Resources */,
				468348251CF85FB400F7C1AD /* Projects.storyboard in Resources */,
				4683482B1CF85FE200F7C1AD /* searchUserCell.xib in Resources */,
				468348291CF85FDA00F7C1AD /* skillCell.xib in Resources */,
				468348261CF85FB400F7C1AD /* Skills.storyboard in Resources */,
				468348241CF85FB400F7C1AD /* LoginView.storyboard in Resources */,
			);
			runOnlyForDeploymentPostprocessing = 0;
		};
		4683B4731CC26999005DBAA6 /* Resources */ = {
			isa = PBXResourcesBuildPhase;
			buildActionMask = 2147483647;
			files = (
			);
			runOnlyForDeploymentPostprocessing = 0;
		};
		4683B47E1CC26999005DBAA6 /* Resources */ = {
			isa = PBXResourcesBuildPhase;
			buildActionMask = 2147483647;
			files = (
			);
			runOnlyForDeploymentPostprocessing = 0;
		};
/* End PBXResourcesBuildPhase section */

/* Begin PBXShellScriptBuildPhase section */
		06F5FD1CDA1714F849EEAB32 /* 📦 Check Pods Manifest.lock */ = {
			isa = PBXShellScriptBuildPhase;
			buildActionMask = 2147483647;
			files = (
			);
			inputPaths = (
			);
			name = "📦 Check Pods Manifest.lock";
			outputPaths = (
			);
			runOnlyForDeploymentPostprocessing = 0;
			shellPath = /bin/sh;
			shellScript = "diff \"${PODS_ROOT}/../Podfile.lock\" \"${PODS_ROOT}/Manifest.lock\" > /dev/null\nif [[ $? != 0 ]] ; then\n    cat << EOM\nerror: The sandbox is not in sync with the Podfile.lock. Run 'pod install' or update your CocoaPods installation.\nEOM\n    exit 1\nfi\n";
			showEnvVarsInLog = 0;
		};
		2B3F7393CE81E7214BA066A1 /* 📦 Check Pods Manifest.lock */ = {
			isa = PBXShellScriptBuildPhase;
			buildActionMask = 2147483647;
			files = (
			);
			inputPaths = (
			);
			name = "📦 Check Pods Manifest.lock";
			outputPaths = (
			);
			runOnlyForDeploymentPostprocessing = 0;
			shellPath = /bin/sh;
			shellScript = "diff \"${PODS_ROOT}/../Podfile.lock\" \"${PODS_ROOT}/Manifest.lock\" > /dev/null\nif [[ $? != 0 ]] ; then\n    cat << EOM\nerror: The sandbox is not in sync with the Podfile.lock. Run 'pod install' or update your CocoaPods installation.\nEOM\n    exit 1\nfi\n";
			showEnvVarsInLog = 0;
		};
		382966E9C6857BF315E85CA2 /* 📦 Embed Pods Frameworks */ = {
			isa = PBXShellScriptBuildPhase;
			buildActionMask = 2147483647;
			files = (
			);
			inputPaths = (
			);
			name = "📦 Embed Pods Frameworks";
			outputPaths = (
			);
			runOnlyForDeploymentPostprocessing = 0;
			shellPath = /bin/sh;
			shellScript = "\"${SRCROOT}/Pods/Target Support Files/Pods-correct42/Pods-correct42-frameworks.sh\"\n";
			showEnvVarsInLog = 0;
		};
		46E4CC101CF869550078F026 /* ShellScript */ = {
			isa = PBXShellScriptBuildPhase;
			buildActionMask = 2147483647;
			files = (
			);
			inputPaths = (
			);
			outputPaths = (
			);
			runOnlyForDeploymentPostprocessing = 0;
			shellPath = /bin/sh;
			shellScript = "./Fabric.framework/run 5048a47528d084052648b11239fe582e0cbbdfeb e960d2755167167edaf662d7ca7f0c0414e746a2e1ff56f7fce547a3217fa59f";
		};
		5BB440DCE712EA3DA5809E0E /* 📦 Copy Pods Resources */ = {
			isa = PBXShellScriptBuildPhase;
			buildActionMask = 2147483647;
			files = (
			);
			inputPaths = (
			);
			name = "📦 Copy Pods Resources";
			outputPaths = (
			);
			runOnlyForDeploymentPostprocessing = 0;
			shellPath = /bin/sh;
			shellScript = "\"${SRCROOT}/Pods/Target Support Files/Pods-correct42Tests/Pods-correct42Tests-resources.sh\"\n";
			showEnvVarsInLog = 0;
		};
		63002D9958614C5AF069F0D1 /* 📦 Copy Pods Resources */ = {
			isa = PBXShellScriptBuildPhase;
			buildActionMask = 2147483647;
			files = (
			);
			inputPaths = (
			);
			name = "📦 Copy Pods Resources";
			outputPaths = (
			);
			runOnlyForDeploymentPostprocessing = 0;
			shellPath = /bin/sh;
			shellScript = "\"${SRCROOT}/Pods/Target Support Files/Pods-correct42UITests/Pods-correct42UITests-resources.sh\"\n";
			showEnvVarsInLog = 0;
		};
		8FC5771B36747FBD35F23AFC /* 📦 Check Pods Manifest.lock */ = {
			isa = PBXShellScriptBuildPhase;
			buildActionMask = 2147483647;
			files = (
			);
			inputPaths = (
			);
			name = "📦 Check Pods Manifest.lock";
			outputPaths = (
			);
			runOnlyForDeploymentPostprocessing = 0;
			shellPath = /bin/sh;
			shellScript = "diff \"${PODS_ROOT}/../Podfile.lock\" \"${PODS_ROOT}/Manifest.lock\" > /dev/null\nif [[ $? != 0 ]] ; then\n    cat << EOM\nerror: The sandbox is not in sync with the Podfile.lock. Run 'pod install' or update your CocoaPods installation.\nEOM\n    exit 1\nfi\n";
			showEnvVarsInLog = 0;
		};
		C221987CDA5C8A32E2422272 /* 📦 Copy Pods Resources */ = {
			isa = PBXShellScriptBuildPhase;
			buildActionMask = 2147483647;
			files = (
			);
			inputPaths = (
			);
			name = "📦 Copy Pods Resources";
			outputPaths = (
			);
			runOnlyForDeploymentPostprocessing = 0;
			shellPath = /bin/sh;
			shellScript = "\"${SRCROOT}/Pods/Target Support Files/Pods-correct42/Pods-correct42-resources.sh\"\n";
			showEnvVarsInLog = 0;
		};
		F1D43B22F6B4AD774B6D5CD9 /* 📦 Embed Pods Frameworks */ = {
			isa = PBXShellScriptBuildPhase;
			buildActionMask = 2147483647;
			files = (
			);
			inputPaths = (
			);
			name = "📦 Embed Pods Frameworks";
			outputPaths = (
			);
			runOnlyForDeploymentPostprocessing = 0;
			shellPath = /bin/sh;
			shellScript = "\"${SRCROOT}/Pods/Target Support Files/Pods-correct42Tests/Pods-correct42Tests-frameworks.sh\"\n";
			showEnvVarsInLog = 0;
		};
/* End PBXShellScriptBuildPhase section */

/* Begin PBXSourcesBuildPhase section */
		4683B45D1CC26999005DBAA6 /* Sources */ = {
			isa = PBXSourcesBuildPhase;
			buildActionMask = 2147483647;
			files = (
				46B3DDF21CD79442008A2D05 /* SearchUserTableViewCell.swift in Sources */,
				4683481F1CF85F8400F7C1AD /* UserViewController.swift in Sources */,
				468348321CF8602200F7C1AD /* ApiCredential.swift in Sources */,
				46AB96D51CE913CE00908F1F /* ScaleTeamTableViewCell.swift in Sources */,
				4683480A1CF85F5D00F7C1AD /* TeamUpload.swift in Sources */,
				468348331CF8602200F7C1AD /* ApiRequester.swift in Sources */,
				4630FCFA1CF3887E00B37031 /* SearchManager.swift in Sources */,
				468348191CF85F8400F7C1AD /* ProjectsViewController.swift in Sources */,
				4683480B1CF85F5D00F7C1AD /* Title.swift in Sources */,
				4683481E1CF85F8400F7C1AD /* TabBarViewController.swift in Sources */,
				468348071CF85F5D00F7C1AD /* Skill.swift in Sources */,
				4683481C1CF85F8400F7C1AD /* SearchUserViewController.swift in Sources */,
				468347FE1CF85F5D00F7C1AD /* Achievement.swift in Sources */,
				468347ED1CF769D900F7C1AD /* addEventToCalendar.swift in Sources */,
				4683482F1CF8600300F7C1AD /* UserManager.swift in Sources */,
				468348061CF85F5D00F7C1AD /* ScaleTeamsManager.swift in Sources */,
				462BAFEA1CD62909000F9F34 /* ProjectTableViewCell.swift in Sources */,
				468348011CF85F5D00F7C1AD /* Flag.swift in Sources */,
				4683480D1CF85F5D00F7C1AD /* User.swift in Sources */,
				468348391CF8603500F7C1AD /* UserRouter.swift in Sources */,
				468348041CF85F5D00F7C1AD /* Scale.swift in Sources */,
				468347FF1CF85F5D00F7C1AD /* Campus.swift in Sources */,
				468348181CF85F8400F7C1AD /* ProfilViewController.swift in Sources */,
				468348091CF85F5D00F7C1AD /* Team.swift in Sources */,
				46F9182C1D02F926001FFD6D /* UILabelPhone.swift in Sources */,
				468348171CF85F8400F7C1AD /* LoginViewController.swift in Sources */,
				468348081CF85F5D00F7C1AD /* SuperModel.swift in Sources */,
				4683481B1CF85F8400F7C1AD /* SearchUserContainerViewController.swift in Sources */,
				469804281CF4DB3C007C2D2B /* SearchManagerDelegation.swift in Sources */,
				4683481A1CF85F8400F7C1AD /* ScaleTeamsViewController.swift in Sources */,
				468348021CF85F5D00F7C1AD /* Language.swift in Sources */,
				468348031CF85F5D00F7C1AD /* Project.swift in Sources */,
				468348381CF8603500F7C1AD /* ScaleTeamsRouter.swift in Sources */,
				468348001CF85F5D00F7C1AD /* Cursus.swift in Sources */,
				468348051CF85F5D00F7C1AD /* ScaleTeam.swift in Sources */,
				4683481D1CF85F8400F7C1AD /* SkillsViewController.swift in Sources */,
				4683483B1CF8603F00F7C1AD /* ShowAlert.swift in Sources */,
				4648C9A31CC6A9F700E82D68 /* AppDelegate.swift in Sources */,
				468348351CF8602C00F7C1AD /* ApiRouter.swift in Sources */,
				4683480C1CF85F5D00F7C1AD /* Upload.swift in Sources */,
				46B3DDEA1CD6628B008A2D05 /* SkillTableViewCell.swift in Sources */,
			);
			runOnlyForDeploymentPostprocessing = 0;
		};
		4683B4711CC26999005DBAA6 /* Sources */ = {
			isa = PBXSourcesBuildPhase;
			buildActionMask = 2147483647;
			files = (
				4683B47A1CC26999005DBAA6 /* correct42Tests.swift in Sources */,
				4658A4FB1CD0FDFB001C0968 /* ApiCredentialTests.swift in Sources */,
			);
			runOnlyForDeploymentPostprocessing = 0;
		};
		4683B47C1CC26999005DBAA6 /* Sources */ = {
			isa = PBXSourcesBuildPhase;
			buildActionMask = 2147483647;
			files = (
				4683B4851CC26999005DBAA6 /* correct42UITests.swift in Sources */,
			);
			runOnlyForDeploymentPostprocessing = 0;
		};
/* End PBXSourcesBuildPhase section */

/* Begin PBXTargetDependency section */
		4683B4771CC26999005DBAA6 /* PBXTargetDependency */ = {
			isa = PBXTargetDependency;
			target = 4683B4601CC26999005DBAA6 /* Open42 */;
			targetProxy = 4683B4761CC26999005DBAA6 /* PBXContainerItemProxy */;
		};
		4683B4821CC26999005DBAA6 /* PBXTargetDependency */ = {
			isa = PBXTargetDependency;
			target = 4683B4601CC26999005DBAA6 /* Open42 */;
			targetProxy = 4683B4811CC26999005DBAA6 /* PBXContainerItemProxy */;
		};
/* End PBXTargetDependency section */

/* Begin PBXVariantGroup section */
		4683B46D1CC26999005DBAA6 /* LaunchScreen.storyboard */ = {
			isa = PBXVariantGroup;
			children = (
				4683B46E1CC26999005DBAA6 /* Base */,
			);
			name = LaunchScreen.storyboard;
			sourceTree = "<group>";
		};
/* End PBXVariantGroup section */

/* Begin XCBuildConfiguration section */
		4683B4871CC26999005DBAA6 /* Debug */ = {
			isa = XCBuildConfiguration;
			buildSettings = {
				ALWAYS_SEARCH_USER_PATHS = NO;
				CLANG_ANALYZER_NONNULL = YES;
				CLANG_CXX_LANGUAGE_STANDARD = "gnu++0x";
				CLANG_CXX_LIBRARY = "libc++";
				CLANG_ENABLE_MODULES = YES;
				CLANG_ENABLE_OBJC_ARC = YES;
				CLANG_WARN_BOOL_CONVERSION = YES;
				CLANG_WARN_CONSTANT_CONVERSION = YES;
				CLANG_WARN_DIRECT_OBJC_ISA_USAGE = YES_ERROR;
				CLANG_WARN_EMPTY_BODY = YES;
				CLANG_WARN_ENUM_CONVERSION = YES;
				CLANG_WARN_INT_CONVERSION = YES;
				CLANG_WARN_OBJC_ROOT_CLASS = YES_ERROR;
				CLANG_WARN_UNREACHABLE_CODE = YES;
				CLANG_WARN__DUPLICATE_METHOD_MATCH = YES;
				"CODE_SIGN_IDENTITY[sdk=iphoneos*]" = "iPhone Developer";
				COPY_PHASE_STRIP = NO;
				DEBUG_INFORMATION_FORMAT = dwarf;
				ENABLE_STRICT_OBJC_MSGSEND = YES;
				ENABLE_TESTABILITY = YES;
				GCC_C_LANGUAGE_STANDARD = gnu99;
				GCC_DYNAMIC_NO_PIC = NO;
				GCC_NO_COMMON_BLOCKS = YES;
				GCC_OPTIMIZATION_LEVEL = 0;
				GCC_PREPROCESSOR_DEFINITIONS = (
					"DEBUG=1",
					"$(inherited)",
				);
				GCC_WARN_64_TO_32_BIT_CONVERSION = YES;
				GCC_WARN_ABOUT_RETURN_TYPE = YES_ERROR;
				GCC_WARN_UNDECLARED_SELECTOR = YES;
				GCC_WARN_UNINITIALIZED_AUTOS = YES_AGGRESSIVE;
				GCC_WARN_UNUSED_FUNCTION = YES;
				GCC_WARN_UNUSED_VARIABLE = YES;
				IPHONEOS_DEPLOYMENT_TARGET = 9.0;
				MTL_ENABLE_DEBUG_INFO = YES;
				ONLY_ACTIVE_ARCH = YES;
				SDKROOT = iphoneos;
				SWIFT_OPTIMIZATION_LEVEL = "-Onone";
			};
			name = Debug;
		};
		4683B4881CC26999005DBAA6 /* Release */ = {
			isa = XCBuildConfiguration;
			buildSettings = {
				ALWAYS_SEARCH_USER_PATHS = NO;
				CLANG_ANALYZER_NONNULL = YES;
				CLANG_CXX_LANGUAGE_STANDARD = "gnu++0x";
				CLANG_CXX_LIBRARY = "libc++";
				CLANG_ENABLE_MODULES = YES;
				CLANG_ENABLE_OBJC_ARC = YES;
				CLANG_WARN_BOOL_CONVERSION = YES;
				CLANG_WARN_CONSTANT_CONVERSION = YES;
				CLANG_WARN_DIRECT_OBJC_ISA_USAGE = YES_ERROR;
				CLANG_WARN_EMPTY_BODY = YES;
				CLANG_WARN_ENUM_CONVERSION = YES;
				CLANG_WARN_INT_CONVERSION = YES;
				CLANG_WARN_OBJC_ROOT_CLASS = YES_ERROR;
				CLANG_WARN_UNREACHABLE_CODE = YES;
				CLANG_WARN__DUPLICATE_METHOD_MATCH = YES;
				"CODE_SIGN_IDENTITY[sdk=iphoneos*]" = "iPhone Developer";
				COPY_PHASE_STRIP = NO;
				DEBUG_INFORMATION_FORMAT = "dwarf-with-dsym";
				ENABLE_NS_ASSERTIONS = NO;
				ENABLE_STRICT_OBJC_MSGSEND = YES;
				GCC_C_LANGUAGE_STANDARD = gnu99;
				GCC_NO_COMMON_BLOCKS = YES;
				GCC_WARN_64_TO_32_BIT_CONVERSION = YES;
				GCC_WARN_ABOUT_RETURN_TYPE = YES_ERROR;
				GCC_WARN_UNDECLARED_SELECTOR = YES;
				GCC_WARN_UNINITIALIZED_AUTOS = YES_AGGRESSIVE;
				GCC_WARN_UNUSED_FUNCTION = YES;
				GCC_WARN_UNUSED_VARIABLE = YES;
				IPHONEOS_DEPLOYMENT_TARGET = 9.0;
				MTL_ENABLE_DEBUG_INFO = NO;
				SDKROOT = iphoneos;
				VALIDATE_PRODUCT = YES;
			};
			name = Release;
		};
		4683B48A1CC26999005DBAA6 /* Debug */ = {
			isa = XCBuildConfiguration;
			baseConfigurationReference = F12A6434D69FE129520ACEDE /* Pods-correct42.debug.xcconfig */;
			buildSettings = {
				ASSETCATALOG_COMPILER_APPICON_NAME = AppIcon;
				CODE_SIGN_IDENTITY = "iPhone Developer";
				FRAMEWORK_SEARCH_PATHS = (
					"$(inherited)",
					"$(PROJECT_DIR)/build/Debug-iphoneos",
				);
				INFOPLIST_FILE = correct42/Info.plist;
				IPHONEOS_DEPLOYMENT_TARGET = 9.0;
				LD_RUNPATH_SEARCH_PATHS = "$(inherited) @executable_path/Frameworks";
				PRODUCT_BUNDLE_IDENTIFIER = fr.espiroux.correct42;
				PRODUCT_NAME = Open42;
			};
			name = Debug;
		};
		4683B48B1CC26999005DBAA6 /* Release */ = {
			isa = XCBuildConfiguration;
			baseConfigurationReference = 12EC1AC1A5B31F1C01F027E8 /* Pods-correct42.release.xcconfig */;
			buildSettings = {
				ASSETCATALOG_COMPILER_APPICON_NAME = AppIcon;
				CODE_SIGN_IDENTITY = "iPhone Developer";
				FRAMEWORK_SEARCH_PATHS = (
					"$(inherited)",
					"$(PROJECT_DIR)/build/Debug-iphoneos",
				);
				INFOPLIST_FILE = correct42/Info.plist;
				IPHONEOS_DEPLOYMENT_TARGET = 9.0;
				LD_RUNPATH_SEARCH_PATHS = "$(inherited) @executable_path/Frameworks";
				PRODUCT_BUNDLE_IDENTIFIER = fr.espiroux.correct42;
				PRODUCT_NAME = Open42;
			};
			name = Release;
		};
		4683B48D1CC26999005DBAA6 /* Debug */ = {
			isa = XCBuildConfiguration;
			baseConfigurationReference = 0B07E118F25208BF31A567D1 /* Pods-correct42Tests.debug.xcconfig */;
			buildSettings = {
				BUNDLE_LOADER = "$(TEST_HOST)";
				INFOPLIST_FILE = correct42Tests/Info.plist;
				LD_RUNPATH_SEARCH_PATHS = "$(inherited) @executable_path/Frameworks @loader_path/Frameworks";
				PRODUCT_BUNDLE_IDENTIFIER = espiroux.correct42Tests;
				PRODUCT_NAME = Open42;
				TEST_HOST = "$(BUILT_PRODUCTS_DIR)/Open42.app/Open42";
			};
			name = Debug;
		};
		4683B48E1CC26999005DBAA6 /* Release */ = {
			isa = XCBuildConfiguration;
			baseConfigurationReference = DF0EB92496AEA7A93ACB2511 /* Pods-correct42Tests.release.xcconfig */;
			buildSettings = {
				BUNDLE_LOADER = "$(TEST_HOST)";
				INFOPLIST_FILE = correct42Tests/Info.plist;
				LD_RUNPATH_SEARCH_PATHS = "$(inherited) @executable_path/Frameworks @loader_path/Frameworks";
				PRODUCT_BUNDLE_IDENTIFIER = espiroux.correct42Tests;
				PRODUCT_NAME = Open42;
				TEST_HOST = "$(BUILT_PRODUCTS_DIR)/Open42.app/Open42";
			};
			name = Release;
		};
		4683B4901CC26999005DBAA6 /* Debug */ = {
			isa = XCBuildConfiguration;
			baseConfigurationReference = E59FA4332E694A0D46F63906 /* Pods-correct42UITests.debug.xcconfig */;
			buildSettings = {
				INFOPLIST_FILE = correct42UITests/Info.plist;
				LD_RUNPATH_SEARCH_PATHS = "$(inherited) @executable_path/Frameworks @loader_path/Frameworks";
				PRODUCT_BUNDLE_IDENTIFIER = espiroux.correct42UITests;
				PRODUCT_NAME = Open42;
				TEST_TARGET_NAME = correct42;
			};
			name = Debug;
		};
		4683B4911CC26999005DBAA6 /* Release */ = {
			isa = XCBuildConfiguration;
			baseConfigurationReference = CC51351C6D40756D2B1095AC /* Pods-correct42UITests.release.xcconfig */;
			buildSettings = {
				INFOPLIST_FILE = correct42UITests/Info.plist;
				LD_RUNPATH_SEARCH_PATHS = "$(inherited) @executable_path/Frameworks @loader_path/Frameworks";
				PRODUCT_BUNDLE_IDENTIFIER = espiroux.correct42UITests;
				PRODUCT_NAME = Open42;
				TEST_TARGET_NAME = correct42;
			};
			name = Release;
		};
/* End XCBuildConfiguration section */

/* Begin XCConfigurationList section */
		4683B45C1CC26999005DBAA6 /* Build configuration list for PBXProject "Open42" */ = {
			isa = XCConfigurationList;
			buildConfigurations = (
				4683B4871CC26999005DBAA6 /* Debug */,
				4683B4881CC26999005DBAA6 /* Release */,
			);
			defaultConfigurationIsVisible = 0;
			defaultConfigurationName = Debug;
		};
		4683B4891CC26999005DBAA6 /* Build configuration list for PBXNativeTarget "Open42" */ = {
			isa = XCConfigurationList;
			buildConfigurations = (
				4683B48A1CC26999005DBAA6 /* Debug */,
				4683B48B1CC26999005DBAA6 /* Release */,
			);
			defaultConfigurationIsVisible = 0;
			defaultConfigurationName = Debug;
		};
		4683B48C1CC26999005DBAA6 /* Build configuration list for PBXNativeTarget "Open42Tests" */ = {
			isa = XCConfigurationList;
			buildConfigurations = (
				4683B48D1CC26999005DBAA6 /* Debug */,
				4683B48E1CC26999005DBAA6 /* Release */,
			);
			defaultConfigurationIsVisible = 0;
			defaultConfigurationName = Debug;
		};
		4683B48F1CC26999005DBAA6 /* Build configuration list for PBXNativeTarget "Open42UITests" */ = {
			isa = XCConfigurationList;
			buildConfigurations = (
				4683B4901CC26999005DBAA6 /* Debug */,
				4683B4911CC26999005DBAA6 /* Release */,
			);
			defaultConfigurationIsVisible = 0;
			defaultConfigurationName = Debug;
		};
/* End XCConfigurationList section */
	};
	rootObject = 4683B4591CC26999005DBAA6 /* Project object */;
}
